
Microsoft Visual Studio Solution File, Format Version 12.00
# Visual Studio Version 17
VisualStudioVersion = 17.13.35919.96 d17.13
MinimumVisualStudioVersion = 10.0.40219.1
Project("{FAE04EC0-301F-11D3-BF4B-00C04F79EFBC}") = "dataLoggingLibrary", "dataLoggingLibrary\dataLoggingLibrary.csproj", "{AF6D7E24-50DE-4FCC-B35F-BC24DB586BDB}"
EndProject
Global
	GlobalSection(SolutionConfigurationPlatforms) = preSolution
		Debug|Any CPU = Debug|Any CPU
		Release|Any CPU = Release|Any CPU
	EndGlobalSection
	GlobalSection(ProjectConfigurationPlatforms) = postSolution
		{AF6D7E24-50DE-4FCC-B35F-BC24DB586BDB}.Debug|Any CPU.ActiveCfg = Debug|Any CPU
		{AF6D7E24-50DE-4FCC-B35F-BC24DB586BDB}.Debug|Any CPU.Build.0 = Debug|Any CPU
		{AF6D7E24-50DE-4FCC-B35F-BC24DB586BDB}.Release|Any CPU.ActiveCfg = Release|Any CPU
		{AF6D7E24-50DE-4FCC-B35F-BC24DB586BDB}.Release|Any CPU.Build.0 = Release|Any CPU
	EndGlobalSection
	GlobalSection(SolutionProperties) = preSolution
		HideSolutionNode = FALSE
	EndGlobalSection
	GlobalSection(ExtensibilityGlobals) = postSolution
		SolutionGuid = {FB2027E9-294A-4052-B7B4-D045DFDBCF57}
	EndGlobalSection
EndGlobal
